Microsoft Visual Studio Solution File, Format Version 12.00
# Visual Studio Version 17
VisualStudioVersion = 17.5.2.0
MinimumVisualStudioVersion = 10.0.40219.1
Project("{FAE04EC0-301F-11D3-BF4B-00C04F79EFBC}") = "RazorStartBootstrapAdmin", "RazorStartBootstrapAdmin.csproj", "{D5CF8901-5688-BA8E-F139-2756761E23FF}"
EndProject
Global
	GlobalSection(SolutionConfigurationPlatforms) = preSolution
		Debug|Any CPU = Debug|Any CPU
		Release|Any CPU = Release|Any CPU
	EndGlobalSection
	GlobalSection(ProjectConfigurationPlatforms) = postSolution
		{D5CF8901-5688-BA8E-F139-2756761E23FF}.Debug|Any CPU.ActiveCfg = Debug|Any CPU
		{D5CF8901-5688-BA8E-F139-2756761E23FF}.Debug|Any CPU.Build.0 = Debug|Any CPU
		{D5CF8901-5688-BA8E-F139-2756761E23FF}.Release|Any CPU.ActiveCfg = Release|Any CPU
		{D5CF8901-5688-BA8E-F139-2756761E23FF}.Release|Any CPU.Build.0 = Release|Any CPU
	EndGlobalSection
	GlobalSection(SolutionProperties) = preSolution
		HideSolutionNode = FALSE
	EndGlobalSection
	GlobalSection(ExtensibilityGlobals) = postSolution
		SolutionGuid = {4BBA2598-BC50-46F9-B8CC-9D0E68502133}
	EndGlobalSection
EndGlobal
